// !$*UTF8*$!
{
	archiveVersion = 1;
	classes = {
	};
	objectVersion = 50;
	objects = {

/* Begin PBXBuildFile section */
		2049C25124F1D706009BE622 /* FeelingTypeEnum.swift in Sources */ = {isa = PBXBuildFile; fileRef = 2049C25024F1D706009BE622 /* FeelingTypeEnum.swift */; };
		2049C25324F1DBE7009BE622 /* GoogleAnalysisRequest.swift in Sources */ = {isa = PBXBuildFile; fileRef = 2049C25224F1DBE7009BE622 /* GoogleAnalysisRequest.swift */; };
		2049C25524F1DE03009BE622 /* Encodable+Extensions.swift in Sources */ = {isa = PBXBuildFile; fileRef = 2049C25424F1DE03009BE622 /* Encodable+Extensions.swift */; };
		2049C25724F1E439009BE622 /* AnalysisObject.swift in Sources */ = {isa = PBXBuildFile; fileRef = 2049C25624F1E439009BE622 /* AnalysisObject.swift */; };
		2049C25924F1E72D009BE622 /* AnalysisResponse.swift in Sources */ = {isa = PBXBuildFile; fileRef = 2049C25824F1E72D009BE622 /* AnalysisResponse.swift */; };
		2049C25B24F2044E009BE622 /* APIKeys.swift in Sources */ = {isa = PBXBuildFile; fileRef = 2049C25A24F2044E009BE622 /* APIKeys.swift */; };
		2049C26024F20AA7009BE622 /* TweetAnalysisViewModelTests.swift in Sources */ = {isa = PBXBuildFile; fileRef = 2049C25F24F20AA7009BE622 /* TweetAnalysisViewModelTests.swift */; };
		2049C26324F20BF4009BE622 /* XCTestCase+Extensions.swift in Sources */ = {isa = PBXBuildFile; fileRef = 2049C26224F20BF4009BE622 /* XCTestCase+Extensions.swift */; };
		2050B86524EDC3B200BF381F /* AppDelegate.swift in Sources */ = {isa = PBXBuildFile; fileRef = 2050B86424EDC3B200BF381F /* AppDelegate.swift */; };
		2050B86724EDC3B200BF381F /* SceneDelegate.swift in Sources */ = {isa = PBXBuildFile; fileRef = 2050B86624EDC3B200BF381F /* SceneDelegate.swift */; };
		2050B86B24EDC3B300BF381F /* Assets.xcassets in Resources */ = {isa = PBXBuildFile; fileRef = 2050B86A24EDC3B300BF381F /* Assets.xcassets */; };
		2050B86E24EDC3B300BF381F /* LaunchScreen.storyboard in Resources */ = {isa = PBXBuildFile; fileRef = 2050B86C24EDC3B300BF381F /* LaunchScreen.storyboard */; };
		2050B89524EDC8E400BF381F /* Constraints.swift in Sources */ = {isa = PBXBuildFile; fileRef = 2050B89424EDC8E400BF381F /* Constraints.swift */; };
		2050B8A124EDFF1700BF381F /* TweetsListViewControllerProtocol.swift in Sources */ = {isa = PBXBuildFile; fileRef = 2050B89724EDFF1700BF381F /* TweetsListViewControllerProtocol.swift */; };
		2050B8A224EDFF1700BF381F /* TweetsListCoodinatorProtocol.swift in Sources */ = {isa = PBXBuildFile; fileRef = 2050B89824EDFF1700BF381F /* TweetsListCoodinatorProtocol.swift */; };
		2050B8A324EDFF1700BF381F /* TweetsListViewModelProtocol.swift in Sources */ = {isa = PBXBuildFile; fileRef = 2050B89924EDFF1700BF381F /* TweetsListViewModelProtocol.swift */; };
		2050B8A424EDFF1700BF381F /* TweetsListViewController.swift in Sources */ = {isa = PBXBuildFile; fileRef = 2050B89A24EDFF1700BF381F /* TweetsListViewController.swift */; };
		2050B8A524EDFF1700BF381F /* TweetsListCoodinator.swift in Sources */ = {isa = PBXBuildFile; fileRef = 2050B89B24EDFF1700BF381F /* TweetsListCoodinator.swift */; };
		2050B8A624EDFF1700BF381F /* TweetsListRepository.swift in Sources */ = {isa = PBXBuildFile; fileRef = 2050B89C24EDFF1700BF381F /* TweetsListRepository.swift */; };
		2050B8A724EDFF1700BF381F /* TweetsListViewProtocol.swift in Sources */ = {isa = PBXBuildFile; fileRef = 2050B89D24EDFF1700BF381F /* TweetsListViewProtocol.swift */; };
		2050B8A824EDFF1700BF381F /* TweetsListRepositoryProtocol.swift in Sources */ = {isa = PBXBuildFile; fileRef = 2050B89E24EDFF1700BF381F /* TweetsListRepositoryProtocol.swift */; };
		2050B8A924EDFF1700BF381F /* TweetsListView.swift in Sources */ = {isa = PBXBuildFile; fileRef = 2050B89F24EDFF1700BF381F /* TweetsListView.swift */; };
		2050B8AA24EDFF1700BF381F /* TweetsListViewModel.swift in Sources */ = {isa = PBXBuildFile; fileRef = 2050B8A024EDFF1700BF381F /* TweetsListViewModel.swift */; };
		2050B8AD24EE000A00BF381F /* ViewCode.swift in Sources */ = {isa = PBXBuildFile; fileRef = 2050B8AC24EE000A00BF381F /* ViewCode.swift */; };
		2050B8CE24EF303600BF381F /* AppCoordinator.swift in Sources */ = {isa = PBXBuildFile; fileRef = 2050B8CD24EF303600BF381F /* AppCoordinator.swift */; };
		2050B8D124EF4D1D00BF381F /* LoadingErrorView.swift in Sources */ = {isa = PBXBuildFile; fileRef = 2050B8D024EF4D1D00BF381F /* LoadingErrorView.swift */; };
		20C3B5EF24F2152D009ACBDF /* SadFeeling.json in Resources */ = {isa = PBXBuildFile; fileRef = 20C3B5EE24F2152D009ACBDF /* SadFeeling.json */; };
		20F7487024F216D40033FF61 /* JsonUtil.swift in Sources */ = {isa = PBXBuildFile; fileRef = 20F7486F24F216D40033FF61 /* JsonUtil.swift */; };
		20F7487424F218C80033FF61 /* NeutralFeeling.json in Resources */ = {isa = PBXBuildFile; fileRef = 20F7487324F218C80033FF61 /* NeutralFeeling.json */; };
		20F7487624F219120033FF61 /* HappyFeeling.json in Resources */ = {isa = PBXBuildFile; fileRef = 20F7487524F219120033FF61 /* HappyFeeling.json */; };
		20F7487824F2229A0033FF61 /* TweetsListViewModelTests.swift in Sources */ = {isa = PBXBuildFile; fileRef = 20F7487724F2229A0033FF61 /* TweetsListViewModelTests.swift */; };
		20F7487C24F22C8E0033FF61 /* TweetsListWithoutPagination.json in Resources */ = {isa = PBXBuildFile; fileRef = 20F7487B24F22C8E0033FF61 /* TweetsListWithoutPagination.json */; };
		20F7488024F22E4E0033FF61 /* NewTweetsPage.json in Resources */ = {isa = PBXBuildFile; fileRef = 20F7487F24F22E4E0033FF61 /* NewTweetsPage.json */; };
		20F7488224F22E8C0033FF61 /* NoTweetsResult.json in Resources */ = {isa = PBXBuildFile; fileRef = 20F7488124F22E8C0033FF61 /* NoTweetsResult.json */; };
		20F7488424F236440033FF61 /* TweetPagination.json in Resources */ = {isa = PBXBuildFile; fileRef = 20F7488324F236440033FF61 /* TweetPagination.json */; };
		20FD673D24F09F5D00E6DF8D /* TweetsRequest.swift in Sources */ = {isa = PBXBuildFile; fileRef = 20FD673C24F09F5D00E6DF8D /* TweetsRequest.swift */; };
		20FD674024F09F7500E6DF8D /* TwitterResponse.swift in Sources */ = {isa = PBXBuildFile; fileRef = 20FD673F24F09F7500E6DF8D /* TwitterResponse.swift */; };
		20FD674724F09F9B00E6DF8D /* NetworkMethod.swift in Sources */ = {isa = PBXBuildFile; fileRef = 20FD674224F09F9B00E6DF8D /* NetworkMethod.swift */; };
		20FD674824F09F9B00E6DF8D /* ReachabilityManager.swift in Sources */ = {isa = PBXBuildFile; fileRef = 20FD674324F09F9B00E6DF8D /* ReachabilityManager.swift */; };
		20FD674924F09F9B00E6DF8D /* Network.swift in Sources */ = {isa = PBXBuildFile; fileRef = 20FD674424F09F9B00E6DF8D /* Network.swift */; };
		20FD674A24F09F9B00E6DF8D /* Reachability.swift in Sources */ = {isa = PBXBuildFile; fileRef = 20FD674524F09F9B00E6DF8D /* Reachability.swift */; };
		20FD674B24F09F9B00E6DF8D /* NetworkError.swift in Sources */ = {isa = PBXBuildFile; fileRef = 20FD674624F09F9B00E6DF8D /* NetworkError.swift */; };
		20FD674F24F0AA1400E6DF8D /* TweetCell.swift in Sources */ = {isa = PBXBuildFile; fileRef = 20FD674E24F0AA1400E6DF8D /* TweetCell.swift */; };
		20FD675424F0ACAD00E6DF8D /* NSObject+Extensions.swift in Sources */ = {isa = PBXBuildFile; fileRef = 20FD675324F0ACAD00E6DF8D /* NSObject+Extensions.swift */; };
		20FD675724F0AEE900E6DF8D /* Default-568h@2x.png in Resources */ = {isa = PBXBuildFile; fileRef = 20FD675624F0AEE900E6DF8D /* Default-568h@2x.png */; };
		20FD675924F0BA6600E6DF8D /* Array+Extensions.swift in Sources */ = {isa = PBXBuildFile; fileRef = 20FD675824F0BA6600E6DF8D /* Array+Extensions.swift */; };
		20FD675B24F0BC3D00E6DF8D /* UITableView+Extensions.swift in Sources */ = {isa = PBXBuildFile; fileRef = 20FD675A24F0BC3D00E6DF8D /* UITableView+Extensions.swift */; };
		20FD675D24F0C33D00E6DF8D /* UIEdgeInsets+Extensions.swift in Sources */ = {isa = PBXBuildFile; fileRef = 20FD675C24F0C33D00E6DF8D /* UIEdgeInsets+Extensions.swift */; };
		20FD676924F1CA2D00E6DF8D /* TweetAnalysisViewControllerProtocol.swift in Sources */ = {isa = PBXBuildFile; fileRef = 20FD675F24F1CA2D00E6DF8D /* TweetAnalysisViewControllerProtocol.swift */; };
		20FD676A24F1CA2D00E6DF8D /* TweetAnalysisCoodinatorProtocol.swift in Sources */ = {isa = PBXBuildFile; fileRef = 20FD676024F1CA2D00E6DF8D /* TweetAnalysisCoodinatorProtocol.swift */; };
		20FD676B24F1CA2D00E6DF8D /* TweetAnalysisViewModelProtocol.swift in Sources */ = {isa = PBXBuildFile; fileRef = 20FD676124F1CA2D00E6DF8D /* TweetAnalysisViewModelProtocol.swift */; };
		20FD676C24F1CA2D00E6DF8D /* TweetAnalysisViewController.swift in Sources */ = {isa = PBXBuildFile; fileRef = 20FD676224F1CA2D00E6DF8D /* TweetAnalysisViewController.swift */; };
		20FD676D24F1CA2D00E6DF8D /* TweetAnalysisCoodinator.swift in Sources */ = {isa = PBXBuildFile; fileRef = 20FD676324F1CA2D00E6DF8D /* TweetAnalysisCoodinator.swift */; };
		20FD676E24F1CA2D00E6DF8D /* TweetAnalysisRepository.swift in Sources */ = {isa = PBXBuildFile; fileRef = 20FD676424F1CA2D00E6DF8D /* TweetAnalysisRepository.swift */; };
		20FD676F24F1CA2D00E6DF8D /* TweetAnalysisViewProtocol.swift in Sources */ = {isa = PBXBuildFile; fileRef = 20FD676524F1CA2D00E6DF8D /* TweetAnalysisViewProtocol.swift */; };
		20FD677024F1CA2D00E6DF8D /* TweetAnalysisRepositoryProtocol.swift in Sources */ = {isa = PBXBuildFile; fileRef = 20FD676624F1CA2D00E6DF8D /* TweetAnalysisRepositoryProtocol.swift */; };
		20FD677124F1CA2D00E6DF8D /* TweetAnalysisView.swift in Sources */ = {isa = PBXBuildFile; fileRef = 20FD676724F1CA2D00E6DF8D /* TweetAnalysisView.swift */; };
		20FD677224F1CA2D00E6DF8D /* TweetAnalysisViewModel.swift in Sources */ = {isa = PBXBuildFile; fileRef = 20FD676824F1CA2D00E6DF8D /* TweetAnalysisViewModel.swift */; };
/* End PBXBuildFile section */

/* Begin PBXContainerItemProxy section */
		2050B87524EDC3B300BF381F /* PBXContainerItemProxy */ = {
			isa = PBXContainerItemProxy;
			containerPortal = 2050B85924EDC3B200BF381F /* Project object */;
			proxyType = 1;
			remoteGlobalIDString = 2050B86024EDC3B200BF381F;
			remoteInfo = FeelingAnalysisApp;
		};
/* End PBXContainerItemProxy section */

/* Begin PBXFileReference section */
		2049C25024F1D706009BE622 /* FeelingTypeEnum.swift */ = {isa = PBXFileReference; lastKnownFileType = sourcecode.swift; path = FeelingTypeEnum.swift; sourceTree = "<group>"; };
		2049C25224F1DBE7009BE622 /* GoogleAnalysisRequest.swift */ = {isa = PBXFileReference; lastKnownFileType = sourcecode.swift; path = GoogleAnalysisRequest.swift; sourceTree = "<group>"; };
		2049C25424F1DE03009BE622 /* Encodable+Extensions.swift */ = {isa = PBXFileReference; lastKnownFileType = sourcecode.swift; path = "Encodable+Extensions.swift"; sourceTree = "<group>"; };
		2049C25624F1E439009BE622 /* AnalysisObject.swift */ = {isa = PBXFileReference; lastKnownFileType = sourcecode.swift; path = AnalysisObject.swift; sourceTree = "<group>"; };
		2049C25824F1E72D009BE622 /* AnalysisResponse.swift */ = {isa = PBXFileReference; lastKnownFileType = sourcecode.swift; path = AnalysisResponse.swift; sourceTree = "<group>"; };
		2049C25A24F2044E009BE622 /* APIKeys.swift */ = {isa = PBXFileReference; fileEncoding = 4; lastKnownFileType = sourcecode.swift; path = APIKeys.swift; sourceTree = "<group>"; };
		2049C25F24F20AA7009BE622 /* TweetAnalysisViewModelTests.swift */ = {isa = PBXFileReference; lastKnownFileType = sourcecode.swift; path = TweetAnalysisViewModelTests.swift; sourceTree = "<group>"; };
		2049C26224F20BF4009BE622 /* XCTestCase+Extensions.swift */ = {isa = PBXFileReference; lastKnownFileType = sourcecode.swift; path = "XCTestCase+Extensions.swift"; sourceTree = "<group>"; };
		2050B86124EDC3B200BF381F /* FeelingAnalysisApp.app */ = {isa = PBXFileReference; explicitFileType = wrapper.application; includeInIndex = 0; path = FeelingAnalysisApp.app; sourceTree = BUILT_PRODUCTS_DIR; };
		2050B86424EDC3B200BF381F /* AppDelegate.swift */ = {isa = PBXFileReference; lastKnownFileType = sourcecode.swift; path = AppDelegate.swift; sourceTree = "<group>"; };
		2050B86624EDC3B200BF381F /* SceneDelegate.swift */ = {isa = PBXFileReference; lastKnownFileType = sourcecode.swift; path = SceneDelegate.swift; sourceTree = "<group>"; };
		2050B86A24EDC3B300BF381F /* Assets.xcassets */ = {isa = PBXFileReference; lastKnownFileType = folder.assetcatalog; path = Assets.xcassets; sourceTree = "<group>"; };
		2050B86D24EDC3B300BF381F /* Base */ = {isa = PBXFileReference; lastKnownFileType = file.storyboard; name = Base; path = Base.lproj/LaunchScreen.storyboard; sourceTree = "<group>"; };
		2050B86F24EDC3B300BF381F /* Info.plist */ = {isa = PBXFileReference; lastKnownFileType = text.plist.xml; path = Info.plist; sourceTree = "<group>"; };
		2050B87424EDC3B300BF381F /* FeelingAnalysisAppTests.xctest */ = {isa = PBXFileReference; explicitFileType = wrapper.cfbundle; includeInIndex = 0; path = FeelingAnalysisAppTests.xctest; sourceTree = BUILT_PRODUCTS_DIR; };
		2050B87A24EDC3B300BF381F /* Info.plist */ = {isa = PBXFileReference; lastKnownFileType = text.plist.xml; path = Info.plist; sourceTree = "<group>"; };
		2050B88524EDC3B300BF381F /* Info.plist */ = {isa = PBXFileReference; lastKnownFileType = text.plist.xml; path = Info.plist; sourceTree = "<group>"; };
		2050B89424EDC8E400BF381F /* Constraints.swift */ = {isa = PBXFileReference; lastKnownFileType = sourcecode.swift; path = Constraints.swift; sourceTree = "<group>"; };
		2050B89724EDFF1700BF381F /* TweetsListViewControllerProtocol.swift */ = {isa = PBXFileReference; lastKnownFileType = sourcecode.swift; path = TweetsListViewControllerProtocol.swift; sourceTree = "<group>"; };
		2050B89824EDFF1700BF381F /* TweetsListCoodinatorProtocol.swift */ = {isa = PBXFileReference; lastKnownFileType = sourcecode.swift; path = TweetsListCoodinatorProtocol.swift; sourceTree = "<group>"; };
		2050B89924EDFF1700BF381F /* TweetsListViewModelProtocol.swift */ = {isa = PBXFileReference; lastKnownFileType = sourcecode.swift; path = TweetsListViewModelProtocol.swift; sourceTree = "<group>"; };
		2050B89A24EDFF1700BF381F /* TweetsListViewController.swift */ = {isa = PBXFileReference; lastKnownFileType = sourcecode.swift; path = TweetsListViewController.swift; sourceTree = "<group>"; };
		2050B89B24EDFF1700BF381F /* TweetsListCoodinator.swift */ = {isa = PBXFileReference; lastKnownFileType = sourcecode.swift; path = TweetsListCoodinator.swift; sourceTree = "<group>"; };
		2050B89C24EDFF1700BF381F /* TweetsListRepository.swift */ = {isa = PBXFileReference; lastKnownFileType = sourcecode.swift; path = TweetsListRepository.swift; sourceTree = "<group>"; };
		2050B89D24EDFF1700BF381F /* TweetsListViewProtocol.swift */ = {isa = PBXFileReference; lastKnownFileType = sourcecode.swift; path = TweetsListViewProtocol.swift; sourceTree = "<group>"; };
		2050B89E24EDFF1700BF381F /* TweetsListRepositoryProtocol.swift */ = {isa = PBXFileReference; lastKnownFileType = sourcecode.swift; path = TweetsListRepositoryProtocol.swift; sourceTree = "<group>"; };
		2050B89F24EDFF1700BF381F /* TweetsListView.swift */ = {isa = PBXFileReference; lastKnownFileType = sourcecode.swift; path = TweetsListView.swift; sourceTree = "<group>"; };
		2050B8A024EDFF1700BF381F /* TweetsListViewModel.swift */ = {isa = PBXFileReference; lastKnownFileType = sourcecode.swift; path = TweetsListViewModel.swift; sourceTree = "<group>"; };
		2050B8AC24EE000A00BF381F /* ViewCode.swift */ = {isa = PBXFileReference; lastKnownFileType = sourcecode.swift; path = ViewCode.swift; sourceTree = "<group>"; };
		2050B8CD24EF303600BF381F /* AppCoordinator.swift */ = {isa = PBXFileReference; lastKnownFileType = sourcecode.swift; path = AppCoordinator.swift; sourceTree = "<group>"; };
		2050B8D024EF4D1D00BF381F /* LoadingErrorView.swift */ = {isa = PBXFileReference; lastKnownFileType = sourcecode.swift; path = LoadingErrorView.swift; sourceTree = "<group>"; };
		20C3B5EE24F2152D009ACBDF /* SadFeeling.json */ = {isa = PBXFileReference; lastKnownFileType = text.json; path = SadFeeling.json; sourceTree = "<group>"; };
		20F7486F24F216D40033FF61 /* JsonUtil.swift */ = {isa = PBXFileReference; lastKnownFileType = sourcecode.swift; path = JsonUtil.swift; sourceTree = "<group>"; };
		20F7487324F218C80033FF61 /* NeutralFeeling.json */ = {isa = PBXFileReference; lastKnownFileType = text.json; path = NeutralFeeling.json; sourceTree = "<group>"; };
		20F7487524F219120033FF61 /* HappyFeeling.json */ = {isa = PBXFileReference; lastKnownFileType = text.json; path = HappyFeeling.json; sourceTree = "<group>"; };
		20F7487724F2229A0033FF61 /* TweetsListViewModelTests.swift */ = {isa = PBXFileReference; lastKnownFileType = sourcecode.swift; path = TweetsListViewModelTests.swift; sourceTree = "<group>"; };
		20F7487B24F22C8E0033FF61 /* TweetsListWithoutPagination.json */ = {isa = PBXFileReference; lastKnownFileType = text.json; path = TweetsListWithoutPagination.json; sourceTree = "<group>"; };
		20F7487F24F22E4E0033FF61 /* NewTweetsPage.json */ = {isa = PBXFileReference; lastKnownFileType = text.json; path = NewTweetsPage.json; sourceTree = "<group>"; };
		20F7488124F22E8C0033FF61 /* NoTweetsResult.json */ = {isa = PBXFileReference; lastKnownFileType = text.json; path = NoTweetsResult.json; sourceTree = "<group>"; };
		20F7488324F236440033FF61 /* TweetPagination.json */ = {isa = PBXFileReference; fileEncoding = 4; lastKnownFileType = text.json; path = TweetPagination.json; sourceTree = "<group>"; };
		20FD673C24F09F5D00E6DF8D /* TweetsRequest.swift */ = {isa = PBXFileReference; fileEncoding = 4; lastKnownFileType = sourcecode.swift; path = TweetsRequest.swift; sourceTree = "<group>"; };
		20FD673F24F09F7500E6DF8D /* TwitterResponse.swift */ = {isa = PBXFileReference; fileEncoding = 4; lastKnownFileType = sourcecode.swift; path = TwitterResponse.swift; sourceTree = "<group>"; };
		20FD674224F09F9B00E6DF8D /* NetworkMethod.swift */ = {isa = PBXFileReference; fileEncoding = 4; lastKnownFileType = sourcecode.swift; path = NetworkMethod.swift; sourceTree = "<group>"; };
		20FD674324F09F9B00E6DF8D /* ReachabilityManager.swift */ = {isa = PBXFileReference; fileEncoding = 4; lastKnownFileType = sourcecode.swift; path = ReachabilityManager.swift; sourceTree = "<group>"; };
		20FD674424F09F9B00E6DF8D /* Network.swift */ = {isa = PBXFileReference; fileEncoding = 4; lastKnownFileType = sourcecode.swift; path = Network.swift; sourceTree = "<group>"; };
		20FD674524F09F9B00E6DF8D /* Reachability.swift */ = {isa = PBXFileReference; fileEncoding = 4; lastKnownFileType = sourcecode.swift; path = Reachability.swift; sourceTree = "<group>"; };
		20FD674624F09F9B00E6DF8D /* NetworkError.swift */ = {isa = PBXFileReference; fileEncoding = 4; lastKnownFileType = sourcecode.swift; path = NetworkError.swift; sourceTree = "<group>"; };
		20FD674E24F0AA1400E6DF8D /* TweetCell.swift */ = {isa = PBXFileReference; lastKnownFileType = sourcecode.swift; path = TweetCell.swift; sourceTree = "<group>"; };
		20FD675324F0ACAD00E6DF8D /* NSObject+Extensions.swift */ = {isa = PBXFileReference; fileEncoding = 4; lastKnownFileType = sourcecode.swift; path = "NSObject+Extensions.swift"; sourceTree = "<group>"; };
		20FD675624F0AEE900E6DF8D /* Default-568h@2x.png */ = {isa = PBXFileReference; lastKnownFileType = image.png; path = "Default-568h@2x.png"; sourceTree = "<group>"; };
		20FD675824F0BA6600E6DF8D /* Array+Extensions.swift */ = {isa = PBXFileReference; fileEncoding = 4; lastKnownFileType = sourcecode.swift; path = "Array+Extensions.swift"; sourceTree = "<group>"; };
		20FD675A24F0BC3D00E6DF8D /* UITableView+Extensions.swift */ = {isa = PBXFileReference; fileEncoding = 4; lastKnownFileType = sourcecode.swift; path = "UITableView+Extensions.swift"; sourceTree = "<group>"; };
		20FD675C24F0C33D00E6DF8D /* UIEdgeInsets+Extensions.swift */ = {isa = PBXFileReference; lastKnownFileType = sourcecode.swift; path = "UIEdgeInsets+Extensions.swift"; sourceTree = "<group>"; };
		20FD675F24F1CA2D00E6DF8D /* TweetAnalysisViewControllerProtocol.swift */ = {isa = PBXFileReference; lastKnownFileType = sourcecode.swift; path = TweetAnalysisViewControllerProtocol.swift; sourceTree = "<group>"; };
		20FD676024F1CA2D00E6DF8D /* TweetAnalysisCoodinatorProtocol.swift */ = {isa = PBXFileReference; lastKnownFileType = sourcecode.swift; path = TweetAnalysisCoodinatorProtocol.swift; sourceTree = "<group>"; };
		20FD676124F1CA2D00E6DF8D /* TweetAnalysisViewModelProtocol.swift */ = {isa = PBXFileReference; lastKnownFileType = sourcecode.swift; path = TweetAnalysisViewModelProtocol.swift; sourceTree = "<group>"; };
		20FD676224F1CA2D00E6DF8D /* TweetAnalysisViewController.swift */ = {isa = PBXFileReference; lastKnownFileType = sourcecode.swift; path = TweetAnalysisViewController.swift; sourceTree = "<group>"; };
		20FD676324F1CA2D00E6DF8D /* TweetAnalysisCoodinator.swift */ = {isa = PBXFileReference; lastKnownFileType = sourcecode.swift; path = TweetAnalysisCoodinator.swift; sourceTree = "<group>"; };
		20FD676424F1CA2D00E6DF8D /* TweetAnalysisRepository.swift */ = {isa = PBXFileReference; lastKnownFileType = sourcecode.swift; path = TweetAnalysisRepository.swift; sourceTree = "<group>"; };
		20FD676524F1CA2D00E6DF8D /* TweetAnalysisViewProtocol.swift */ = {isa = PBXFileReference; lastKnownFileType = sourcecode.swift; path = TweetAnalysisViewProtocol.swift; sourceTree = "<group>"; };
		20FD676624F1CA2D00E6DF8D /* TweetAnalysisRepositoryProtocol.swift */ = {isa = PBXFileReference; lastKnownFileType = sourcecode.swift; path = TweetAnalysisRepositoryProtocol.swift; sourceTree = "<group>"; };
		20FD676724F1CA2D00E6DF8D /* TweetAnalysisView.swift */ = {isa = PBXFileReference; lastKnownFileType = sourcecode.swift; path = TweetAnalysisView.swift; sourceTree = "<group>"; };
		20FD676824F1CA2D00E6DF8D /* TweetAnalysisViewModel.swift */ = {isa = PBXFileReference; lastKnownFileType = sourcecode.swift; path = TweetAnalysisViewModel.swift; sourceTree = "<group>"; };
/* End PBXFileReference section */

/* Begin PBXFrameworksBuildPhase section */
		2050B85E24EDC3B200BF381F /* Frameworks */ = {
			isa = PBXFrameworksBuildPhase;
			buildActionMask = 2147483647;
			files = (
			);
			runOnlyForDeploymentPostprocessing = 0;
		};
		2050B87124EDC3B300BF381F /* Frameworks */ = {
			isa = PBXFrameworksBuildPhase;
			buildActionMask = 2147483647;
			files = (
			);
			runOnlyForDeploymentPostprocessing = 0;
		};
/* End PBXFrameworksBuildPhase section */

/* Begin PBXGroup section */
		2049C25C24F20A62009BE622 /* TweetsList */ = {
			isa = PBXGroup;
			children = (
				20F7487724F2229A0033FF61 /* TweetsListViewModelTests.swift */,
			);
			path = TweetsList;
			sourceTree = "<group>";
		};
		2049C25D24F20A80009BE622 /* TweetAnalysis */ = {
			isa = PBXGroup;
			children = (
				2049C25F24F20AA7009BE622 /* TweetAnalysisViewModelTests.swift */,
			);
			path = TweetAnalysis;
			sourceTree = "<group>";
		};
		2049C25E24F20A8B009BE622 /* Features */ = {
			isa = PBXGroup;
			children = (
				2049C25D24F20A80009BE622 /* TweetAnalysis */,
				2049C25C24F20A62009BE622 /* TweetsList */,
			);
			path = Features;
			sourceTree = "<group>";
		};
		2049C26124F20BD3009BE622 /* Helpers */ = {
			isa = PBXGroup;
			children = (
				2049C26224F20BF4009BE622 /* XCTestCase+Extensions.swift */,
				20F7486F24F216D40033FF61 /* JsonUtil.swift */,
			);
			path = Helpers;
			sourceTree = "<group>";
		};
		2049C26424F20C6B009BE622 /* Sources */ = {
			isa = PBXGroup;
			children = (
				2049C26124F20BD3009BE622 /* Helpers */,
				2049C25E24F20A8B009BE622 /* Features */,
			);
			path = Sources;
			sourceTree = "<group>";
		};
		2049C26524F20C81009BE622 /* Resources */ = {
			isa = PBXGroup;
			children = (
				20F7487A24F22C4E0033FF61 /* TweetsList */,
				20F7487924F22AC40033FF61 /* TweetAnalysis */,
			);
			path = Resources;
			sourceTree = "<group>";
		};
		2050B85824EDC3B200BF381F = {
			isa = PBXGroup;
			children = (
				20FD675624F0AEE900E6DF8D /* Default-568h@2x.png */,
				2050B86324EDC3B200BF381F /* FeelingAnalysisApp */,
				2050B87724EDC3B300BF381F /* FeelingAnalysisAppTests */,
				2050B88224EDC3B300BF381F /* FeelingAnalysisAppUITests */,
				2050B86224EDC3B200BF381F /* Products */,
			);
			sourceTree = "<group>";
		};
		2050B86224EDC3B200BF381F /* Products */ = {
			isa = PBXGroup;
			children = (
				2050B86124EDC3B200BF381F /* FeelingAnalysisApp.app */,
				2050B87424EDC3B300BF381F /* FeelingAnalysisAppTests.xctest */,
			);
			name = Products;
			sourceTree = "<group>";
		};
		2050B86324EDC3B200BF381F /* FeelingAnalysisApp */ = {
			isa = PBXGroup;
			children = (
				20FD675024F0AC0F00E6DF8D /* Resources */,
				20FD675124F0AC3600E6DF8D /* Sources */,
				2050B86F24EDC3B300BF381F /* Info.plist */,
			);
			path = FeelingAnalysisApp;
			sourceTree = "<group>";
		};
		2050B87724EDC3B300BF381F /* FeelingAnalysisAppTests */ = {
			isa = PBXGroup;
			children = (
				2049C26524F20C81009BE622 /* Resources */,
				2049C26424F20C6B009BE622 /* Sources */,
				2050B87A24EDC3B300BF381F /* Info.plist */,
			);
			path = FeelingAnalysisAppTests;
			sourceTree = "<group>";
		};
		2050B88224EDC3B300BF381F /* FeelingAnalysisAppUITests */ = {
			isa = PBXGroup;
			children = (
				2050B88524EDC3B300BF381F /* Info.plist */,
			);
			path = FeelingAnalysisAppUITests;
			sourceTree = "<group>";
		};
		2050B89124EDC72900BF381F /* Features */ = {
			isa = PBXGroup;
			children = (
				20FD675E24F1CA0E00E6DF8D /* TweetAnalysis */,
				2050B89624EDFEE500BF381F /* TweetsList */,
			);
			path = Features;
			sourceTree = "<group>";
		};
		2050B89324EDC85700BF381F /* CommonsUI */ = {
			isa = PBXGroup;
			children = (
				2050B8CF24EF4C9900BF381F /* Components */,
				2050B8AB24EDFFF300BF381F /* ViewCode */,
			);
			path = CommonsUI;
			sourceTree = "<group>";
		};
		2050B89624EDFEE500BF381F /* TweetsList */ = {
			isa = PBXGroup;
			children = (
				2050B8AF24EE03BF00BF381F /* Controller */,
				2050B8B224EE03D500BF381F /* Coordinator */,
				20FD673E24F09F7500E6DF8D /* Model */,
				2050B8B124EE03CC00BF381F /* Repository */,
				2050B8AE24EE03B700BF381F /* View */,
				2050B8B024EE03C600BF381F /* ViewModel */,
			);
			path = TweetsList;
			sourceTree = "<group>";
		};
		2050B8AB24EDFFF300BF381F /* ViewCode */ = {
			isa = PBXGroup;
			children = (
				2050B89424EDC8E400BF381F /* Constraints.swift */,
				2050B8AC24EE000A00BF381F /* ViewCode.swift */,
			);
			path = ViewCode;
			sourceTree = "<group>";
		};
		2050B8AE24EE03B700BF381F /* View */ = {
			isa = PBXGroup;
			children = (
				20FD674D24F0AA0200E6DF8D /* Cells */,
				2050B89F24EDFF1700BF381F /* TweetsListView.swift */,
				2050B89D24EDFF1700BF381F /* TweetsListViewProtocol.swift */,
			);
			path = View;
			sourceTree = "<group>";
		};
		2050B8AF24EE03BF00BF381F /* Controller */ = {
			isa = PBXGroup;
			children = (
				2050B89A24EDFF1700BF381F /* TweetsListViewController.swift */,
				2050B89724EDFF1700BF381F /* TweetsListViewControllerProtocol.swift */,
			);
			path = Controller;
			sourceTree = "<group>";
		};
		2050B8B024EE03C600BF381F /* ViewModel */ = {
			isa = PBXGroup;
			children = (
				2050B8A024EDFF1700BF381F /* TweetsListViewModel.swift */,
				2050B89924EDFF1700BF381F /* TweetsListViewModelProtocol.swift */,
			);
			path = ViewModel;
			sourceTree = "<group>";
		};
		2050B8B124EE03CC00BF381F /* Repository */ = {
			isa = PBXGroup;
			children = (
				2050B89C24EDFF1700BF381F /* TweetsListRepository.swift */,
				20FD673C24F09F5D00E6DF8D /* TweetsRequest.swift */,
				2050B89E24EDFF1700BF381F /* TweetsListRepositoryProtocol.swift */,
			);
			path = Repository;
			sourceTree = "<group>";
		};
		2050B8B224EE03D500BF381F /* Coordinator */ = {
			isa = PBXGroup;
			children = (
				2050B89B24EDFF1700BF381F /* TweetsListCoodinator.swift */,
				2050B89824EDFF1700BF381F /* TweetsListCoodinatorProtocol.swift */,
			);
			path = Coordinator;
			sourceTree = "<group>";
		};
		2050B8CF24EF4C9900BF381F /* Components */ = {
			isa = PBXGroup;
			children = (
				2050B8D024EF4D1D00BF381F /* LoadingErrorView.swift */,
			);
			path = Components;
			sourceTree = "<group>";
		};
		20F7487924F22AC40033FF61 /* TweetAnalysis */ = {
			isa = PBXGroup;
			children = (
				20C3B5EE24F2152D009ACBDF /* SadFeeling.json */,
				20F7487324F218C80033FF61 /* NeutralFeeling.json */,
				20F7487524F219120033FF61 /* HappyFeeling.json */,
			);
			path = TweetAnalysis;
			sourceTree = "<group>";
		};
		20F7487A24F22C4E0033FF61 /* TweetsList */ = {
			isa = PBXGroup;
			children = (
				20F7488324F236440033FF61 /* TweetPagination.json */,
				20F7487B24F22C8E0033FF61 /* TweetsListWithoutPagination.json */,
				20F7487F24F22E4E0033FF61 /* NewTweetsPage.json */,
				20F7488124F22E8C0033FF61 /* NoTweetsResult.json */,
			);
			path = TweetsList;
			sourceTree = "<group>";
		};
		20FD673E24F09F7500E6DF8D /* Model */ = {
			isa = PBXGroup;
			children = (
				20FD673F24F09F7500E6DF8D /* TwitterResponse.swift */,
			);
			path = Model;
			sourceTree = "<group>";
		};
		20FD674124F09F9B00E6DF8D /* Network */ = {
			isa = PBXGroup;
			children = (
				20FD674424F09F9B00E6DF8D /* Network.swift */,
				20FD674624F09F9B00E6DF8D /* NetworkError.swift */,
				20FD674224F09F9B00E6DF8D /* NetworkMethod.swift */,
				20FD674524F09F9B00E6DF8D /* Reachability.swift */,
				20FD674324F09F9B00E6DF8D /* ReachabilityManager.swift */,
			);
			path = Network;
			sourceTree = "<group>";
		};
		20FD674D24F0AA0200E6DF8D /* Cells */ = {
			isa = PBXGroup;
			children = (
				20FD674E24F0AA1400E6DF8D /* TweetCell.swift */,
			);
			path = Cells;
			sourceTree = "<group>";
		};
		20FD675024F0AC0F00E6DF8D /* Resources */ = {
			isa = PBXGroup;
			children = (
				2050B86C24EDC3B300BF381F /* LaunchScreen.storyboard */,
				2050B86A24EDC3B300BF381F /* Assets.xcassets */,
			);
			path = Resources;
			sourceTree = "<group>";
		};
		20FD675124F0AC3600E6DF8D /* Sources */ = {
			isa = PBXGroup;
			children = (
				20FD675524F0AE2900E6DF8D /* AppSupport */,
				2050B89324EDC85700BF381F /* CommonsUI */,
				20FD675224F0AC7900E6DF8D /* Extensions */,
				2050B89124EDC72900BF381F /* Features */,
				20FD674124F09F9B00E6DF8D /* Network */,
			);
			path = Sources;
			sourceTree = "<group>";
		};
		20FD675224F0AC7900E6DF8D /* Extensions */ = {
			isa = PBXGroup;
			children = (
				20FD675A24F0BC3D00E6DF8D /* UITableView+Extensions.swift */,
				20FD675324F0ACAD00E6DF8D /* NSObject+Extensions.swift */,
				20FD675824F0BA6600E6DF8D /* Array+Extensions.swift */,
				20FD675C24F0C33D00E6DF8D /* UIEdgeInsets+Extensions.swift */,
				2049C25424F1DE03009BE622 /* Encodable+Extensions.swift */,
			);
			path = Extensions;
			sourceTree = "<group>";
		};
		20FD675524F0AE2900E6DF8D /* AppSupport */ = {
			isa = PBXGroup;
			children = (
				2049C25A24F2044E009BE622 /* APIKeys.swift */,
				2050B8CD24EF303600BF381F /* AppCoordinator.swift */,
				2050B86424EDC3B200BF381F /* AppDelegate.swift */,
				2050B86624EDC3B200BF381F /* SceneDelegate.swift */,
			);
			path = AppSupport;
			sourceTree = "<group>";
		};
		20FD675E24F1CA0E00E6DF8D /* TweetAnalysis */ = {
			isa = PBXGroup;
			children = (
				20FD677A24F1CE8600E6DF8D /* Model */,
				20FD677924F1CE8000E6DF8D /* Repository */,
				20FD677824F1CE7A00E6DF8D /* ViewModel */,
				20FD677724F1CE7500E6DF8D /* View */,
				20FD677624F1CE6900E6DF8D /* Controller */,
				20FD677524F1CE6100E6DF8D /* Coordinator */,
			);
			path = TweetAnalysis;
			sourceTree = "<group>";
		};
		20FD677524F1CE6100E6DF8D /* Coordinator */ = {
			isa = PBXGroup;
			children = (
				20FD676324F1CA2D00E6DF8D /* TweetAnalysisCoodinator.swift */,
				20FD676024F1CA2D00E6DF8D /* TweetAnalysisCoodinatorProtocol.swift */,
			);
			path = Coordinator;
			sourceTree = "<group>";
		};
		20FD677624F1CE6900E6DF8D /* Controller */ = {
			isa = PBXGroup;
			children = (
				20FD676224F1CA2D00E6DF8D /* TweetAnalysisViewController.swift */,
				20FD675F24F1CA2D00E6DF8D /* TweetAnalysisViewControllerProtocol.swift */,
			);
			path = Controller;
			sourceTree = "<group>";
		};
		20FD677724F1CE7500E6DF8D /* View */ = {
			isa = PBXGroup;
			children = (
				20FD676724F1CA2D00E6DF8D /* TweetAnalysisView.swift */,
				20FD676524F1CA2D00E6DF8D /* TweetAnalysisViewProtocol.swift */,
			);
			path = View;
			sourceTree = "<group>";
		};
		20FD677824F1CE7A00E6DF8D /* ViewModel */ = {
			isa = PBXGroup;
			children = (
				20FD676824F1CA2D00E6DF8D /* TweetAnalysisViewModel.swift */,
				20FD676124F1CA2D00E6DF8D /* TweetAnalysisViewModelProtocol.swift */,
			);
			path = ViewModel;
			sourceTree = "<group>";
		};
		20FD677924F1CE8000E6DF8D /* Repository */ = {
			isa = PBXGroup;
			children = (
				20FD676624F1CA2D00E6DF8D /* TweetAnalysisRepositoryProtocol.swift */,
				20FD676424F1CA2D00E6DF8D /* TweetAnalysisRepository.swift */,
				2049C25224F1DBE7009BE622 /* GoogleAnalysisRequest.swift */,
			);
			path = Repository;
			sourceTree = "<group>";
		};
		20FD677A24F1CE8600E6DF8D /* Model */ = {
			isa = PBXGroup;
			children = (
				2049C25024F1D706009BE622 /* FeelingTypeEnum.swift */,
				2049C25624F1E439009BE622 /* AnalysisObject.swift */,
				2049C25824F1E72D009BE622 /* AnalysisResponse.swift */,
			);
			path = Model;
			sourceTree = "<group>";
		};
/* End PBXGroup section */

/* Begin PBXNativeTarget section */
		2050B86024EDC3B200BF381F /* FeelingAnalysisApp */ = {
			isa = PBXNativeTarget;
			buildConfigurationList = 2050B88824EDC3B300BF381F /* Build configuration list for PBXNativeTarget "FeelingAnalysisApp" */;
			buildPhases = (
				2050B85D24EDC3B200BF381F /* Sources */,
				2050B85E24EDC3B200BF381F /* Frameworks */,
				2050B85F24EDC3B200BF381F /* Resources */,
			);
			buildRules = (
			);
			dependencies = (
			);
			name = FeelingAnalysisApp;
			productName = FeelingAnalysisApp;
			productReference = 2050B86124EDC3B200BF381F /* FeelingAnalysisApp.app */;
			productType = "com.apple.product-type.application";
		};
		2050B87324EDC3B300BF381F /* FeelingAnalysisAppTests */ = {
			isa = PBXNativeTarget;
			buildConfigurationList = 2050B88B24EDC3B300BF381F /* Build configuration list for PBXNativeTarget "FeelingAnalysisAppTests" */;
			buildPhases = (
				2050B87024EDC3B300BF381F /* Sources */,
				2050B87124EDC3B300BF381F /* Frameworks */,
				2050B87224EDC3B300BF381F /* Resources */,
			);
			buildRules = (
			);
			dependencies = (
				2050B87624EDC3B300BF381F /* PBXTargetDependency */,
			);
			name = FeelingAnalysisAppTests;
			productName = FeelingAnalysisAppTests;
			productReference = 2050B87424EDC3B300BF381F /* FeelingAnalysisAppTests.xctest */;
			productType = "com.apple.product-type.bundle.unit-test";
		};
/* End PBXNativeTarget section */

/* Begin PBXProject section */
		2050B85924EDC3B200BF381F /* Project object */ = {
			isa = PBXProject;
			attributes = {
				LastSwiftUpdateCheck = 1160;
				LastUpgradeCheck = 1160;
				ORGANIZATIONNAME = "Decio Montanhani";
				TargetAttributes = {
					2050B86024EDC3B200BF381F = {
						CreatedOnToolsVersion = 11.6;
					};
					2050B87324EDC3B300BF381F = {
						CreatedOnToolsVersion = 11.6;
						TestTargetID = 2050B86024EDC3B200BF381F;
					};
				};
			};
			buildConfigurationList = 2050B85C24EDC3B200BF381F /* Build configuration list for PBXProject "FeelingAnalysisApp" */;
			compatibilityVersion = "Xcode 9.3";
			developmentRegion = en;
			hasScannedForEncodings = 0;
			knownRegions = (
				en,
				Base,
			);
			mainGroup = 2050B85824EDC3B200BF381F;
			productRefGroup = 2050B86224EDC3B200BF381F /* Products */;
			projectDirPath = "";
			projectRoot = "";
			targets = (
				2050B86024EDC3B200BF381F /* FeelingAnalysisApp */,
				2050B87324EDC3B300BF381F /* FeelingAnalysisAppTests */,
			);
		};
/* End PBXProject section */

/* Begin PBXResourcesBuildPhase section */
		2050B85F24EDC3B200BF381F /* Resources */ = {
			isa = PBXResourcesBuildPhase;
			buildActionMask = 2147483647;
			files = (
				2050B86B24EDC3B300BF381F /* Assets.xcassets in Resources */,
				2050B86E24EDC3B300BF381F /* LaunchScreen.storyboard in Resources */,
				20FD675724F0AEE900E6DF8D /* Default-568h@2x.png in Resources */,
			);
			runOnlyForDeploymentPostprocessing = 0;
		};
		2050B87224EDC3B300BF381F /* Resources */ = {
			isa = PBXResourcesBuildPhase;
			buildActionMask = 2147483647;
			files = (
				20F7488424F236440033FF61 /* TweetPagination.json in Resources */,
				20F7487C24F22C8E0033FF61 /* TweetsListWithoutPagination.json in Resources */,
				20F7488024F22E4E0033FF61 /* NewTweetsPage.json in Resources */,
				20F7487424F218C80033FF61 /* NeutralFeeling.json in Resources */,
				20F7487624F219120033FF61 /* HappyFeeling.json in Resources */,
				20C3B5EF24F2152D009ACBDF /* SadFeeling.json in Resources */,
				20F7488224F22E8C0033FF61 /* NoTweetsResult.json in Resources */,
			);
			runOnlyForDeploymentPostprocessing = 0;
		};
/* End PBXResourcesBuildPhase section */

/* Begin PBXSourcesBuildPhase section */
		2050B85D24EDC3B200BF381F /* Sources */ = {
			isa = PBXSourcesBuildPhase;
			buildActionMask = 2147483647;
			files = (
				20FD676B24F1CA2D00E6DF8D /* TweetAnalysisViewModelProtocol.swift in Sources */,
				2049C25524F1DE03009BE622 /* Encodable+Extensions.swift in Sources */,
				20FD674024F09F7500E6DF8D /* TwitterResponse.swift in Sources */,
				2050B8A524EDFF1700BF381F /* TweetsListCoodinator.swift in Sources */,
				20FD674B24F09F9B00E6DF8D /* NetworkError.swift in Sources */,
				20FD674F24F0AA1400E6DF8D /* TweetCell.swift in Sources */,
				2050B8A624EDFF1700BF381F /* TweetsListRepository.swift in Sources */,
				20FD675424F0ACAD00E6DF8D /* NSObject+Extensions.swift in Sources */,
				20FD677024F1CA2D00E6DF8D /* TweetAnalysisRepositoryProtocol.swift in Sources */,
				20FD676F24F1CA2D00E6DF8D /* TweetAnalysisViewProtocol.swift in Sources */,
				20FD676D24F1CA2D00E6DF8D /* TweetAnalysisCoodinator.swift in Sources */,
				2050B8D124EF4D1D00BF381F /* LoadingErrorView.swift in Sources */,
				2049C25324F1DBE7009BE622 /* GoogleAnalysisRequest.swift in Sources */,
				20FD674824F09F9B00E6DF8D /* ReachabilityManager.swift in Sources */,
				20FD674924F09F9B00E6DF8D /* Network.swift in Sources */,
				20FD675B24F0BC3D00E6DF8D /* UITableView+Extensions.swift in Sources */,
				20FD675924F0BA6600E6DF8D /* Array+Extensions.swift in Sources */,
				20FD676A24F1CA2D00E6DF8D /* TweetAnalysisCoodinatorProtocol.swift in Sources */,
				2050B8A424EDFF1700BF381F /* TweetsListViewController.swift in Sources */,
				2049C25924F1E72D009BE622 /* AnalysisResponse.swift in Sources */,
				2050B89524EDC8E400BF381F /* Constraints.swift in Sources */,
				2050B8CE24EF303600BF381F /* AppCoordinator.swift in Sources */,
				2049C25B24F2044E009BE622 /* APIKeys.swift in Sources */,
				2050B8A124EDFF1700BF381F /* TweetsListViewControllerProtocol.swift in Sources */,
				2050B8A224EDFF1700BF381F /* TweetsListCoodinatorProtocol.swift in Sources */,
				20FD677124F1CA2D00E6DF8D /* TweetAnalysisView.swift in Sources */,
				20FD675D24F0C33D00E6DF8D /* UIEdgeInsets+Extensions.swift in Sources */,
				2050B8A924EDFF1700BF381F /* TweetsListView.swift in Sources */,
				20FD677224F1CA2D00E6DF8D /* TweetAnalysisViewModel.swift in Sources */,
				20FD676E24F1CA2D00E6DF8D /* TweetAnalysisRepository.swift in Sources */,
				2050B8A324EDFF1700BF381F /* TweetsListViewModelProtocol.swift in Sources */,
				20FD676924F1CA2D00E6DF8D /* TweetAnalysisViewControllerProtocol.swift in Sources */,
				20FD674724F09F9B00E6DF8D /* NetworkMethod.swift in Sources */,
				20FD673D24F09F5D00E6DF8D /* TweetsRequest.swift in Sources */,
				20FD676C24F1CA2D00E6DF8D /* TweetAnalysisViewController.swift in Sources */,
				2050B86524EDC3B200BF381F /* AppDelegate.swift in Sources */,
				2050B86724EDC3B200BF381F /* SceneDelegate.swift in Sources */,
				2050B8AD24EE000A00BF381F /* ViewCode.swift in Sources */,
				20FD674A24F09F9B00E6DF8D /* Reachability.swift in Sources */,
				2050B8A724EDFF1700BF381F /* TweetsListViewProtocol.swift in Sources */,
				2049C25724F1E439009BE622 /* AnalysisObject.swift in Sources */,
				2050B8AA24EDFF1700BF381F /* TweetsListViewModel.swift in Sources */,
				2050B8A824EDFF1700BF381F /* TweetsListRepositoryProtocol.swift in Sources */,
				2049C25124F1D706009BE622 /* FeelingTypeEnum.swift in Sources */,
			);
			runOnlyForDeploymentPostprocessing = 0;
		};
		2050B87024EDC3B300BF381F /* Sources */ = {
			isa = PBXSourcesBuildPhase;
			buildActionMask = 2147483647;
			files = (
				20F7487824F2229A0033FF61 /* TweetsListViewModelTests.swift in Sources */,
				2049C26024F20AA7009BE622 /* TweetAnalysisViewModelTests.swift in Sources */,
				20F7487024F216D40033FF61 /* JsonUtil.swift in Sources */,
				2049C26324F20BF4009BE622 /* XCTestCase+Extensions.swift in Sources */,
			);
			runOnlyForDeploymentPostprocessing = 0;
		};
/* End PBXSourcesBuildPhase section */

/* Begin PBXTargetDependency section */
		2050B87624EDC3B300BF381F /* PBXTargetDependency */ = {
			isa = PBXTargetDependency;
			target = 2050B86024EDC3B200BF381F /* FeelingAnalysisApp */;
			targetProxy = 2050B87524EDC3B300BF381F /* PBXContainerItemProxy */;
		};
/* End PBXTargetDependency section */

/* Begin PBXVariantGroup section */
		2050B86C24EDC3B300BF381F /* LaunchScreen.storyboard */ = {
			isa = PBXVariantGroup;
			children = (
				2050B86D24EDC3B300BF381F /* Base */,
			);
			name = LaunchScreen.storyboard;
			sourceTree = "<group>";
		};
/* End PBXVariantGroup section */

/* Begin XCBuildConfiguration section */
		2050B88624EDC3B300BF381F /* Debug */ = {
			isa = XCBuildConfiguration;
			buildSettings = {
				ALWAYS_SEARCH_USER_PATHS = NO;
				CLANG_ANALYZER_NONNULL = YES;
				CLANG_ANALYZER_NUMBER_OBJECT_CONVERSION = YES_AGGRESSIVE;
				CLANG_CXX_LANGUAGE_STANDARD = "gnu++14";
				CLANG_CXX_LIBRARY = "libc++";
				CLANG_ENABLE_MODULES = YES;
				CLANG_ENABLE_OBJC_ARC = YES;
				CLANG_ENABLE_OBJC_WEAK = YES;
				CLANG_WARN_BLOCK_CAPTURE_AUTORELEASING = YES;
				CLANG_WARN_BOOL_CONVERSION = YES;
				CLANG_WARN_COMMA = YES;
				CLANG_WARN_CONSTANT_CONVERSION = YES;
				CLANG_WARN_DEPRECATED_OBJC_IMPLEMENTATIONS = YES;
				CLANG_WARN_DIRECT_OBJC_ISA_USAGE = YES_ERROR;
				CLANG_WARN_DOCUMENTATION_COMMENTS = YES;
				CLANG_WARN_EMPTY_BODY = YES;
				CLANG_WARN_ENUM_CONVERSION = YES;
				CLANG_WARN_INFINITE_RECURSION = YES;
				CLANG_WARN_INT_CONVERSION = YES;
				CLANG_WARN_NON_LITERAL_NULL_CONVERSION = YES;
				CLANG_WARN_OBJC_IMPLICIT_RETAIN_SELF = YES;
				CLANG_WARN_OBJC_LITERAL_CONVERSION = YES;
				CLANG_WARN_OBJC_ROOT_CLASS = YES_ERROR;
				CLANG_WARN_RANGE_LOOP_ANALYSIS = YES;
				CLANG_WARN_STRICT_PROTOTYPES = YES;
				CLANG_WARN_SUSPICIOUS_MOVE = YES;
				CLANG_WARN_UNGUARDED_AVAILABILITY = YES_AGGRESSIVE;
				CLANG_WARN_UNREACHABLE_CODE = YES;
				CLANG_WARN__DUPLICATE_METHOD_MATCH = YES;
				COPY_PHASE_STRIP = NO;
				DEBUG_INFORMATION_FORMAT = dwarf;
				ENABLE_STRICT_OBJC_MSGSEND = YES;
				ENABLE_TESTABILITY = YES;
				GCC_C_LANGUAGE_STANDARD = gnu11;
				GCC_DYNAMIC_NO_PIC = NO;
				GCC_NO_COMMON_BLOCKS = YES;
				GCC_OPTIMIZATION_LEVEL = 0;
				GCC_PREPROCESSOR_DEFINITIONS = (
					"DEBUG=1",
					"$(inherited)",
				);
				GCC_WARN_64_TO_32_BIT_CONVERSION = YES;
				GCC_WARN_ABOUT_RETURN_TYPE = YES_ERROR;
				GCC_WARN_UNDECLARED_SELECTOR = YES;
				GCC_WARN_UNINITIALIZED_AUTOS = YES_AGGRESSIVE;
				GCC_WARN_UNUSED_FUNCTION = YES;
				GCC_WARN_UNUSED_VARIABLE = YES;
				IPHONEOS_DEPLOYMENT_TARGET = 11.0;
				MTL_ENABLE_DEBUG_INFO = INCLUDE_SOURCE;
				MTL_FAST_MATH = YES;
				ONLY_ACTIVE_ARCH = YES;
				SDKROOT = iphoneos;
				SWIFT_ACTIVE_COMPILATION_CONDITIONS = DEBUG;
				SWIFT_OPTIMIZATION_LEVEL = "-Onone";
			};
			name = Debug;
		};
		2050B88724EDC3B300BF381F /* Release */ = {
			isa = XCBuildConfiguration;
			buildSettings = {
				ALWAYS_SEARCH_USER_PATHS = NO;
				CLANG_ANALYZER_NONNULL = YES;
				CLANG_ANALYZER_NUMBER_OBJECT_CONVERSION = YES_AGGRESSIVE;
				CLANG_CXX_LANGUAGE_STANDARD = "gnu++14";
				CLANG_CXX_LIBRARY = "libc++";
				CLANG_ENABLE_MODULES = YES;
				CLANG_ENABLE_OBJC_ARC = YES;
				CLANG_ENABLE_OBJC_WEAK = YES;
				CLANG_WARN_BLOCK_CAPTURE_AUTORELEASING = YES;
				CLANG_WARN_BOOL_CONVERSION = YES;
				CLANG_WARN_COMMA = YES;
				CLANG_WARN_CONSTANT_CONVERSION = YES;
				CLANG_WARN_DEPRECATED_OBJC_IMPLEMENTATIONS = YES;
				CLANG_WARN_DIRECT_OBJC_ISA_USAGE = YES_ERROR;
				CLANG_WARN_DOCUMENTATION_COMMENTS = YES;
				CLANG_WARN_EMPTY_BODY = YES;
				CLANG_WARN_ENUM_CONVERSION = YES;
				CLANG_WARN_INFINITE_RECURSION = YES;
				CLANG_WARN_INT_CONVERSION = YES;
				CLANG_WARN_NON_LITERAL_NULL_CONVERSION = YES;
				CLANG_WARN_OBJC_IMPLICIT_RETAIN_SELF = YES;
				CLANG_WARN_OBJC_LITERAL_CONVERSION = YES;
				CLANG_WARN_OBJC_ROOT_CLASS = YES_ERROR;
				CLANG_WARN_RANGE_LOOP_ANALYSIS = YES;
				CLANG_WARN_STRICT_PROTOTYPES = YES;
				CLANG_WARN_SUSPICIOUS_MOVE = YES;
				CLANG_WARN_UNGUARDED_AVAILABILITY = YES_AGGRESSIVE;
				CLANG_WARN_UNREACHABLE_CODE = YES;
				CLANG_WARN__DUPLICATE_METHOD_MATCH = YES;
				COPY_PHASE_STRIP = NO;
				DEBUG_INFORMATION_FORMAT = "dwarf-with-dsym";
				ENABLE_NS_ASSERTIONS = NO;
				ENABLE_STRICT_OBJC_MSGSEND = YES;
				GCC_C_LANGUAGE_STANDARD = gnu11;
				GCC_NO_COMMON_BLOCKS = YES;
				GCC_WARN_64_TO_32_BIT_CONVERSION = YES;
				GCC_WARN_ABOUT_RETURN_TYPE = YES_ERROR;
				GCC_WARN_UNDECLARED_SELECTOR = YES;
				GCC_WARN_UNINITIALIZED_AUTOS = YES_AGGRESSIVE;
				GCC_WARN_UNUSED_FUNCTION = YES;
				GCC_WARN_UNUSED_VARIABLE = YES;
				IPHONEOS_DEPLOYMENT_TARGET = 11.0;
				MTL_ENABLE_DEBUG_INFO = NO;
				MTL_FAST_MATH = YES;
				SDKROOT = iphoneos;
				SWIFT_COMPILATION_MODE = wholemodule;
				SWIFT_OPTIMIZATION_LEVEL = "-O";
				VALIDATE_PRODUCT = YES;
			};
			name = Release;
		};
		2050B88924EDC3B300BF381F /* Debug */ = {
			isa = XCBuildConfiguration;
			buildSettings = {
				ASSETCATALOG_COMPILER_APPICON_NAME = AppIcon;
				CODE_SIGN_STYLE = Automatic;
				DEVELOPMENT_TEAM = DS2P948Y69;
				INFOPLIST_FILE = FeelingAnalysisApp/Info.plist;
				LD_RUNPATH_SEARCH_PATHS = (
					"$(inherited)",
					"@executable_path/Frameworks",
				);
				PRODUCT_BUNDLE_IDENTIFIER = br.com.deciomontanhani.FeelingAnalysisApp;
				PRODUCT_NAME = "$(TARGET_NAME)";
				SWIFT_VERSION = 5.0;
				TARGETED_DEVICE_FAMILY = "1,2";
			};
			name = Debug;
		};
		2050B88A24EDC3B300BF381F /* Release */ = {
			isa = XCBuildConfiguration;
			buildSettings = {
				ASSETCATALOG_COMPILER_APPICON_NAME = AppIcon;
				CODE_SIGN_STYLE = Automatic;
				DEVELOPMENT_TEAM = DS2P948Y69;
				INFOPLIST_FILE = FeelingAnalysisApp/Info.plist;
				LD_RUNPATH_SEARCH_PATHS = (
					"$(inherited)",
					"@executable_path/Frameworks",
				);
				PRODUCT_BUNDLE_IDENTIFIER = br.com.deciomontanhani.FeelingAnalysisApp;
				PRODUCT_NAME = "$(TARGET_NAME)";
				SWIFT_VERSION = 5.0;
				TARGETED_DEVICE_FAMILY = "1,2";
			};
			name = Release;
		};
		2050B88C24EDC3B300BF381F /* Debug */ = {
			isa = XCBuildConfiguration;
			buildSettings = {
				ALWAYS_EMBED_SWIFT_STANDARD_LIBRARIES = YES;
				BUNDLE_LOADER = "$(TEST_HOST)";
				CODE_SIGN_STYLE = Automatic;
				DEVELOPMENT_TEAM = DS2P948Y69;
				INFOPLIST_FILE = FeelingAnalysisAppTests/Info.plist;
				IPHONEOS_DEPLOYMENT_TARGET = 11.0;
				LD_RUNPATH_SEARCH_PATHS = (
					"$(inherited)",
					"@executable_path/Frameworks",
					"@loader_path/Frameworks",
				);
				PRODUCT_BUNDLE_IDENTIFIER = br.com.deciomontanhani.FeelingAnalysisAppTests;
				PRODUCT_NAME = "$(TARGET_NAME)";
				SWIFT_VERSION = 5.0;
				TARGETED_DEVICE_FAMILY = "1,2";
				TEST_HOST = "$(BUILT_PRODUCTS_DIR)/FeelingAnalysisApp.app/FeelingAnalysisApp";
			};
			name = Debug;
		};
		2050B88D24EDC3B300BF381F /* Release */ = {
			isa = XCBuildConfiguration;
			buildSettings = {
				ALWAYS_EMBED_SWIFT_STANDARD_LIBRARIES = YES;
				BUNDLE_LOADER = "$(TEST_HOST)";
				CODE_SIGN_STYLE = Automatic;
				DEVELOPMENT_TEAM = DS2P948Y69;
				INFOPLIST_FILE = FeelingAnalysisAppTests/Info.plist;
				IPHONEOS_DEPLOYMENT_TARGET = 11.0;
				LD_RUNPATH_SEARCH_PATHS = (
					"$(inherited)",
					"@executable_path/Frameworks",
					"@loader_path/Frameworks",
				);
				PRODUCT_BUNDLE_IDENTIFIER = br.com.deciomontanhani.FeelingAnalysisAppTests;
				PRODUCT_NAME = "$(TARGET_NAME)";
				SWIFT_VERSION = 5.0;
				TARGETED_DEVICE_FAMILY = "1,2";
				TEST_HOST = "$(BUILT_PRODUCTS_DIR)/FeelingAnalysisApp.app/FeelingAnalysisApp";
			};
			name = Release;
		};
/* End XCBuildConfiguration section */

/* Begin XCConfigurationList section */
		2050B85C24EDC3B200BF381F /* Build configuration list for PBXProject "FeelingAnalysisApp" */ = {
			isa = XCConfigurationList;
			buildConfigurations = (
				2050B88624EDC3B300BF381F /* Debug */,
				2050B88724EDC3B300BF381F /* Release */,
			);
			defaultConfigurationIsVisible = 0;
			defaultConfigurationName = Release;
		};
		2050B88824EDC3B300BF381F /* Build configuration list for PBXNativeTarget "FeelingAnalysisApp" */ = {
			isa = XCConfigurationList;
			buildConfigurations = (
				2050B88924EDC3B300BF381F /* Debug */,
				2050B88A24EDC3B300BF381F /* Release */,
			);
			defaultConfigurationIsVisible = 0;
			defaultConfigurationName = Release;
		};
		2050B88B24EDC3B300BF381F /* Build configuration list for PBXNativeTarget "FeelingAnalysisAppTests" */ = {
			isa = XCConfigurationList;
			buildConfigurations = (
				2050B88C24EDC3B300BF381F /* Debug */,
				2050B88D24EDC3B300BF381F /* Release */,
			);
			defaultConfigurationIsVisible = 0;
			defaultConfigurationName = Release;
		};
/* End XCConfigurationList section */
	};
	rootObject = 2050B85924EDC3B200BF381F /* Project object */;
}
